
Microsoft Visual Studio Solution File, Format Version 12.00
# Visual Studio Version 16
VisualStudioVersion = 16.0.31129.286
MinimumVisualStudioVersion = 10.0.40219.1
Project("{FAE04EC0-301F-11D3-BF4B-00C04F79EFBC}") = "Guy", "Guy.csproj", "{3E180332-4AAF-4304-A5B8-2BE3367A204D}"
EndProject
Global
	GlobalSection(SolutionConfigurationPlatforms) = preSolution
		Debug|Any CPU = Debug|Any CPU
		Release|Any CPU = Release|Any CPU
	EndGlobalSection
	GlobalSection(ProjectConfigurationPlatforms) = postSolution
		{3E180332-4AAF-4304-A5B8-2BE3367A204D}.Debug|Any CPU.ActiveCfg = Debug|Any CPU
		{3E180332-4AAF-4304-A5B8-2BE3367A204D}.Debug|Any CPU.Build.0 = Debug|Any CPU
		{3E180332-4AAF-4304-A5B8-2BE3367A204D}.Release|Any CPU.ActiveCfg = Release|Any CPU
		{3E180332-4AAF-4304-A5B8-2BE3367A204D}.Release|Any CPU.Build.0 = Release|Any CPU
	EndGlobalSection
	GlobalSection(SolutionProperties) = preSolution
		HideSolutionNode = FALSE
	EndGlobalSection
	GlobalSection(ExtensibilityGlobals) = postSolution
		SolutionGuid = {CB101B00-4E4D-4C12-8314-3EEB6CEAC330}
	EndGlobalSection
EndGlobal
